// !$*UTF8*$!
{
	archiveVersion = 1;
	classes = {
	};
	objectVersion = 46;
	objects = {

/* Begin PBXBuildFile section */
		2B1041A2256952E4587B17F5 /* libPods-TestTemplateProject.a in Frameworks */ = {isa = PBXBuildFile; fileRef = 0B6364692DBB1E35BBAC518E /* libPods-TestTemplateProject.a */; };
		330F7BF61ED333F00009280A /* AppDelegate.m in Sources */ = {isa = PBXBuildFile; fileRef = 330F7BDA1ED333F00009280A /* AppDelegate.m */; };
		330F7C001ED333F00009280A /* main.m in Sources */ = {isa = PBXBuildFile; fileRef = 330F7BF51ED333F00009280A /* main.m */; };
		330F7C021ED334380009280A /* Assets.xcassets in Resources */ = {isa = PBXBuildFile; fileRef = 330F7C011ED334380009280A /* Assets.xcassets */; };
		330F7C0D1ED349AB0009280A /* UIView+Helper.m in Sources */ = {isa = PBXBuildFile; fileRef = 330F7C0B1ED349AB0009280A /* UIView+Helper.m */; };
		33144EFF1EF05418006D27AC /* NSString+Size.m in Sources */ = {isa = PBXBuildFile; fileRef = 33144EFE1EF05418006D27AC /* NSString+Size.m */; };
		33144F041EF0546C006D27AC /* UIUtils.m in Sources */ = {isa = PBXBuildFile; fileRef = 33144F021EF0546C006D27AC /* UIUtils.m */; };
		337EEC291EDC3F2C00EDC166 /* NSObject+DLIntrospection.m in Sources */ = {isa = PBXBuildFile; fileRef = 337EEC281EDC3F2C00EDC166 /* NSObject+DLIntrospection.m */; };
		B50394C31EEE5FC30016FA97 /* HomePageVC.m in Sources */ = {isa = PBXBuildFile; fileRef = B50394C11EEE5FC30016FA97 /* HomePageVC.m */; };
		B50394C41EEE5FC30016FA97 /* HomePageVC.xib in Resources */ = {isa = PBXBuildFile; fileRef = B50394C21EEE5FC30016FA97 /* HomePageVC.xib */; };
		B50394C81EEE5FF70016FA97 /* TimeSequenceVC.m in Sources */ = {isa = PBXBuildFile; fileRef = B50394C61EEE5FF70016FA97 /* TimeSequenceVC.m */; };
		B50394C91EEE5FF70016FA97 /* TimeSequenceVC.xib in Resources */ = {isa = PBXBuildFile; fileRef = B50394C71EEE5FF70016FA97 /* TimeSequenceVC.xib */; };
		B50394D31EEE61F80016FA97 /* PlaygroundVC.m in Sources */ = {isa = PBXBuildFile; fileRef = B50394D11EEE61F80016FA97 /* PlaygroundVC.m */; };
		B50394D41EEE61F80016FA97 /* PlaygroundVC.xib in Resources */ = {isa = PBXBuildFile; fileRef = B50394D21EEE61F80016FA97 /* PlaygroundVC.xib */; };
		B507116F1F0E4C8D008EC4AE /* BNPopoverBaseLayout.m in Sources */ = {isa = PBXBuildFile; fileRef = B50711641F0E4C8D008EC4AE /* BNPopoverBaseLayout.m */; };
		B50711701F0E4C8D008EC4AE /* BNPopoverBottomLayout.m in Sources */ = {isa = PBXBuildFile; fileRef = B50711661F0E4C8D008EC4AE /* BNPopoverBottomLayout.m */; };
		B50711711F0E4C8D008EC4AE /* BNPopoverCustomLayout.m in Sources */ = {isa = PBXBuildFile; fileRef = B50711681F0E4C8D008EC4AE /* BNPopoverCustomLayout.m */; };
		B50711721F0E4C8D008EC4AE /* BNPopoverMiddleLayout.m in Sources */ = {isa = PBXBuildFile; fileRef = B507116A1F0E4C8D008EC4AE /* BNPopoverMiddleLayout.m */; };
		B50711731F0E4C8D008EC4AE /* BNPopoverWindow.m in Sources */ = {isa = PBXBuildFile; fileRef = B507116C1F0E4C8D008EC4AE /* BNPopoverWindow.m */; };
		B50711741F0E4C8D008EC4AE /* BNPopoverWindowRootVC.m in Sources */ = {isa = PBXBuildFile; fileRef = B507116E1F0E4C8D008EC4AE /* BNPopoverWindowRootVC.m */; };
		B50711D11F163187008EC4AE /* ClassPropertyVC.m in Sources */ = {isa = PBXBuildFile; fileRef = B50711CF1F163187008EC4AE /* ClassPropertyVC.m */; };
		B50711D21F163187008EC4AE /* ClassPropertyVC.xib in Resources */ = {isa = PBXBuildFile; fileRef = B50711D01F163187008EC4AE /* ClassPropertyVC.xib */; };
		B5647FFE1EF91FAE009CF536 /* BasePopoverVC.m in Sources */ = {isa = PBXBuildFile; fileRef = B5647FFA1EF91FAE009CF536 /* BasePopoverVC.m */; };
		B5647FFF1EF91FAE009CF536 /* BaseWindowRootVC.m in Sources */ = {isa = PBXBuildFile; fileRef = B5647FFD1EF91FAE009CF536 /* BaseWindowRootVC.m */; };
		B564800E1EF91FF9009CF536 /* GCDGroup.m in Sources */ = {isa = PBXBuildFile; fileRef = B56480021EF91FF9009CF536 /* GCDGroup.m */; };
		B564800F1EF91FF9009CF536 /* GCDQueue.m in Sources */ = {isa = PBXBuildFile; fileRef = B56480061EF91FF9009CF536 /* GCDQueue.m */; };
		B56480101EF91FF9009CF536 /* GCDSemaphore.m in Sources */ = {isa = PBXBuildFile; fileRef = B56480081EF91FF9009CF536 /* GCDSemaphore.m */; };
		B56480111EF91FF9009CF536 /* MBProgressHUD+Add.m in Sources */ = {isa = PBXBuildFile; fileRef = B564800B1EF91FF9009CF536 /* MBProgressHUD+Add.m */; };
		B56480121EF91FF9009CF536 /* MBProgressHUD.m in Sources */ = {isa = PBXBuildFile; fileRef = B564800D1EF91FF9009CF536 /* MBProgressHUD.m */; };
		B56480151EF9201D009CF536 /* CommonUtils.m in Sources */ = {isa = PBXBuildFile; fileRef = B56480141EF9201D009CF536 /* CommonUtils.m */; };
		B564801A1EF92040009CF536 /* BNPopupWindow.m in Sources */ = {isa = PBXBuildFile; fileRef = B56480191EF92040009CF536 /* BNPopupWindow.m */; };
		B564801F1EF92071009CF536 /* UIImage+Blur.m in Sources */ = {isa = PBXBuildFile; fileRef = B564801C1EF92071009CF536 /* UIImage+Blur.m */; };
		B56480201EF92071009CF536 /* UIView+Hierarchy.m in Sources */ = {isa = PBXBuildFile; fileRef = B564801E1EF92071009CF536 /* UIView+Hierarchy.m */; };
		B5FA68C71EF270290077349C /* BaseViewController.m in Sources */ = {isa = PBXBuildFile; fileRef = B5FA68C01EF270290077349C /* BaseViewController.m */; };
		B5FA68C81EF270290077349C /* BNNavigationController.m in Sources */ = {isa = PBXBuildFile; fileRef = B5FA68C31EF270290077349C /* BNNavigationController.m */; };
		B5FA68C91EF270290077349C /* BNTabBarController.m in Sources */ = {isa = PBXBuildFile; fileRef = B5FA68C61EF270290077349C /* BNTabBarController.m */; };
/* End PBXBuildFile section */

/* Begin PBXFileReference section */
		0B6364692DBB1E35BBAC518E /* libPods-TestTemplateProject.a */ = {isa = PBXFileReference; explicitFileType = archive.ar; includeInIndex = 0; path = "libPods-TestTemplateProject.a"; sourceTree = BUILT_PRODUCTS_DIR; };
		330F7BBD1ED3321F0009280A /* TestTemplateProject.app */ = {isa = PBXFileReference; explicitFileType = wrapper.application; includeInIndex = 0; path = TestTemplateProject.app; sourceTree = BUILT_PRODUCTS_DIR; };
		330F7BD91ED333F00009280A /* AppDelegate.h */ = {isa = PBXFileReference; fileEncoding = 4; lastKnownFileType = sourcecode.c.h; path = AppDelegate.h; sourceTree = "<group>"; };
		330F7BDA1ED333F00009280A /* AppDelegate.m */ = {isa = PBXFileReference; fileEncoding = 4; lastKnownFileType = sourcecode.c.objc; path = AppDelegate.m; sourceTree = "<group>"; };
		330F7BF41ED333F00009280A /* Info.plist */ = {isa = PBXFileReference; fileEncoding = 4; lastKnownFileType = text.plist.xml; path = Info.plist; sourceTree = "<group>"; };
		330F7BF51ED333F00009280A /* main.m */ = {isa = PBXFileReference; fileEncoding = 4; lastKnownFileType = sourcecode.c.objc; path = main.m; sourceTree = "<group>"; };
		330F7C011ED334380009280A /* Assets.xcassets */ = {isa = PBXFileReference; lastKnownFileType = folder.assetcatalog; path = Assets.xcassets; sourceTree = "<group>"; };
		330F7C0A1ED349AB0009280A /* UIView+Helper.h */ = {isa = PBXFileReference; fileEncoding = 4; lastKnownFileType = sourcecode.c.h; path = "UIView+Helper.h"; sourceTree = "<group>"; };
		330F7C0B1ED349AB0009280A /* UIView+Helper.m */ = {isa = PBXFileReference; fileEncoding = 4; lastKnownFileType = sourcecode.c.objc; path = "UIView+Helper.m"; sourceTree = "<group>"; };
		330F7ECC1ED352250009280A /* PrefixHeader.pch */ = {isa = PBXFileReference; lastKnownFileType = sourcecode.c.h; path = PrefixHeader.pch; sourceTree = "<group>"; };
		33144EFA1EF05403006D27AC /* commonConstDef.h */ = {isa = PBXFileReference; fileEncoding = 4; lastKnownFileType = sourcecode.c.h; path = commonConstDef.h; sourceTree = "<group>"; };
		33144EFB1EF05403006D27AC /* macrodef.h */ = {isa = PBXFileReference; fileEncoding = 4; lastKnownFileType = sourcecode.c.h; path = macrodef.h; sourceTree = "<group>"; };
		33144EFC1EF05403006D27AC /* typedef.h */ = {isa = PBXFileReference; fileEncoding = 4; lastKnownFileType = sourcecode.c.h; path = typedef.h; sourceTree = "<group>"; };
		33144EFD1EF05418006D27AC /* NSString+Size.h */ = {isa = PBXFileReference; fileEncoding = 4; lastKnownFileType = sourcecode.c.h; path = "NSString+Size.h"; sourceTree = "<group>"; };
		33144EFE1EF05418006D27AC /* NSString+Size.m */ = {isa = PBXFileReference; fileEncoding = 4; lastKnownFileType = sourcecode.c.objc; path = "NSString+Size.m"; sourceTree = "<group>"; };
		33144F011EF0546C006D27AC /* UIUtils.h */ = {isa = PBXFileReference; fileEncoding = 4; lastKnownFileType = sourcecode.c.h; path = UIUtils.h; sourceTree = "<group>"; };
		33144F021EF0546C006D27AC /* UIUtils.m */ = {isa = PBXFileReference; fileEncoding = 4; lastKnownFileType = sourcecode.c.objc; path = UIUtils.m; sourceTree = "<group>"; };
		33144F031EF0546C006D27AC /* Utility.h */ = {isa = PBXFileReference; fileEncoding = 4; lastKnownFileType = sourcecode.c.h; path = Utility.h; sourceTree = "<group>"; };
		337EEC271EDC3F2C00EDC166 /* NSObject+DLIntrospection.h */ = {isa = PBXFileReference; fileEncoding = 4; lastKnownFileType = sourcecode.c.h; path = "NSObject+DLIntrospection.h"; sourceTree = "<group>"; };
		337EEC281EDC3F2C00EDC166 /* NSObject+DLIntrospection.m */ = {isa = PBXFileReference; fileEncoding = 4; lastKnownFileType = sourcecode.c.objc; path = "NSObject+DLIntrospection.m"; sourceTree = "<group>"; };
		5C6D28EEC1B5E3424CF2308B /* Pods-TestTemplateProject.debug.xcconfig */ = {isa = PBXFileReference; includeInIndex = 1; lastKnownFileType = text.xcconfig; name = "Pods-TestTemplateProject.debug.xcconfig"; path = "Pods/Target Support Files/Pods-TestTemplateProject/Pods-TestTemplateProject.debug.xcconfig"; sourceTree = "<group>"; };
		8667C82644C5D48169DF56D2 /* Pods-TestTemplateProject.release.xcconfig */ = {isa = PBXFileReference; includeInIndex = 1; lastKnownFileType = text.xcconfig; name = "Pods-TestTemplateProject.release.xcconfig"; path = "Pods/Target Support Files/Pods-TestTemplateProject/Pods-TestTemplateProject.release.xcconfig"; sourceTree = "<group>"; };
		B50394C01EEE5FC30016FA97 /* HomePageVC.h */ = {isa = PBXFileReference; fileEncoding = 4; lastKnownFileType = sourcecode.c.h; path = HomePageVC.h; sourceTree = "<group>"; };
		B50394C11EEE5FC30016FA97 /* HomePageVC.m */ = {isa = PBXFileReference; fileEncoding = 4; lastKnownFileType = sourcecode.c.objc; path = HomePageVC.m; sourceTree = "<group>"; };
		B50394C21EEE5FC30016FA97 /* HomePageVC.xib */ = {isa = PBXFileReference; fileEncoding = 4; lastKnownFileType = file.xib; path = HomePageVC.xib; sourceTree = "<group>"; };
		B50394C51EEE5FF70016FA97 /* TimeSequenceVC.h */ = {isa = PBXFileReference; fileEncoding = 4; lastKnownFileType = sourcecode.c.h; path = TimeSequenceVC.h; sourceTree = "<group>"; };
		B50394C61EEE5FF70016FA97 /* TimeSequenceVC.m */ = {isa = PBXFileReference; fileEncoding = 4; lastKnownFileType = sourcecode.c.objc; path = TimeSequenceVC.m; sourceTree = "<group>"; };
		B50394C71EEE5FF70016FA97 /* TimeSequenceVC.xib */ = {isa = PBXFileReference; fileEncoding = 4; lastKnownFileType = file.xib; path = TimeSequenceVC.xib; sourceTree = "<group>"; };
		B50394D01EEE61F80016FA97 /* PlaygroundVC.h */ = {isa = PBXFileReference; fileEncoding = 4; lastKnownFileType = sourcecode.c.h; path = PlaygroundVC.h; sourceTree = "<group>"; };
		B50394D11EEE61F80016FA97 /* PlaygroundVC.m */ = {isa = PBXFileReference; fileEncoding = 4; lastKnownFileType = sourcecode.c.objc; path = PlaygroundVC.m; sourceTree = "<group>"; };
		B50394D21EEE61F80016FA97 /* PlaygroundVC.xib */ = {isa = PBXFileReference; fileEncoding = 4; lastKnownFileType = file.xib; path = PlaygroundVC.xib; sourceTree = "<group>"; };
		B50711611F0E4C8D008EC4AE /* BNPopoverCommon.h */ = {isa = PBXFileReference; fileEncoding = 4; lastKnownFileType = sourcecode.c.h; path = BNPopoverCommon.h; sourceTree = "<group>"; };
		B50711631F0E4C8D008EC4AE /* BNPopoverBaseLayout.h */ = {isa = PBXFileReference; fileEncoding = 4; lastKnownFileType = sourcecode.c.h; path = BNPopoverBaseLayout.h; sourceTree = "<group>"; };
		B50711641F0E4C8D008EC4AE /* BNPopoverBaseLayout.m */ = {isa = PBXFileReference; fileEncoding = 4; lastKnownFileType = sourcecode.c.objc; path = BNPopoverBaseLayout.m; sourceTree = "<group>"; };
		B50711651F0E4C8D008EC4AE /* BNPopoverBottomLayout.h */ = {isa = PBXFileReference; fileEncoding = 4; lastKnownFileType = sourcecode.c.h; path = BNPopoverBottomLayout.h; sourceTree = "<group>"; };
		B50711661F0E4C8D008EC4AE /* BNPopoverBottomLayout.m */ = {isa = PBXFileReference; fileEncoding = 4; lastKnownFileType = sourcecode.c.objc; path = BNPopoverBottomLayout.m; sourceTree = "<group>"; };
		B50711671F0E4C8D008EC4AE /* BNPopoverCustomLayout.h */ = {isa = PBXFileReference; fileEncoding = 4; lastKnownFileType = sourcecode.c.h; path = BNPopoverCustomLayout.h; sourceTree = "<group>"; };
		B50711681F0E4C8D008EC4AE /* BNPopoverCustomLayout.m */ = {isa = PBXFileReference; fileEncoding = 4; lastKnownFileType = sourcecode.c.objc; path = BNPopoverCustomLayout.m; sourceTree = "<group>"; };
		B50711691F0E4C8D008EC4AE /* BNPopoverMiddleLayout.h */ = {isa = PBXFileReference; fileEncoding = 4; lastKnownFileType = sourcecode.c.h; path = BNPopoverMiddleLayout.h; sourceTree = "<group>"; };
		B507116A1F0E4C8D008EC4AE /* BNPopoverMiddleLayout.m */ = {isa = PBXFileReference; fileEncoding = 4; lastKnownFileType = sourcecode.c.objc; path = BNPopoverMiddleLayout.m; sourceTree = "<group>"; };
		B507116B1F0E4C8D008EC4AE /* BNPopoverWindow.h */ = {isa = PBXFileReference; fileEncoding = 4; lastKnownFileType = sourcecode.c.h; path = BNPopoverWindow.h; sourceTree = "<group>"; };
		B507116C1F0E4C8D008EC4AE /* BNPopoverWindow.m */ = {isa = PBXFileReference; fileEncoding = 4; lastKnownFileType = sourcecode.c.objc; path = BNPopoverWindow.m; sourceTree = "<group>"; };
		B507116D1F0E4C8D008EC4AE /* BNPopoverWindowRootVC.h */ = {isa = PBXFileReference; fileEncoding = 4; lastKnownFileType = sourcecode.c.h; path = BNPopoverWindowRootVC.h; sourceTree = "<group>"; };
		B507116E1F0E4C8D008EC4AE /* BNPopoverWindowRootVC.m */ = {isa = PBXFileReference; fileEncoding = 4; lastKnownFileType = sourcecode.c.objc; path = BNPopoverWindowRootVC.m; sourceTree = "<group>"; };
		B50711CE1F163187008EC4AE /* ClassPropertyVC.h */ = {isa = PBXFileReference; fileEncoding = 4; lastKnownFileType = sourcecode.c.h; path = ClassPropertyVC.h; sourceTree = "<group>"; };
		B50711CF1F163187008EC4AE /* ClassPropertyVC.m */ = {isa = PBXFileReference; fileEncoding = 4; lastKnownFileType = sourcecode.c.objc; path = ClassPropertyVC.m; sourceTree = "<group>"; };
		B50711D01F163187008EC4AE /* ClassPropertyVC.xib */ = {isa = PBXFileReference; fileEncoding = 4; lastKnownFileType = file.xib; path = ClassPropertyVC.xib; sourceTree = "<group>"; };
		B5647FF91EF91FAE009CF536 /* BasePopoverVC.h */ = {isa = PBXFileReference; fileEncoding = 4; lastKnownFileType = sourcecode.c.h; path = BasePopoverVC.h; sourceTree = "<group>"; };
		B5647FFA1EF91FAE009CF536 /* BasePopoverVC.m */ = {isa = PBXFileReference; fileEncoding = 4; lastKnownFileType = sourcecode.c.objc; path = BasePopoverVC.m; sourceTree = "<group>"; };
		B5647FFC1EF91FAE009CF536 /* BaseWindowRootVC.h */ = {isa = PBXFileReference; fileEncoding = 4; lastKnownFileType = sourcecode.c.h; path = BaseWindowRootVC.h; sourceTree = "<group>"; };
		B5647FFD1EF91FAE009CF536 /* BaseWindowRootVC.m */ = {isa = PBXFileReference; fileEncoding = 4; lastKnownFileType = sourcecode.c.objc; path = BaseWindowRootVC.m; sourceTree = "<group>"; };
		B56480011EF91FF9009CF536 /* GCDGroup.h */ = {isa = PBXFileReference; fileEncoding = 4; lastKnownFileType = sourcecode.c.h; path = GCDGroup.h; sourceTree = "<group>"; };
		B56480021EF91FF9009CF536 /* GCDGroup.m */ = {isa = PBXFileReference; fileEncoding = 4; lastKnownFileType = sourcecode.c.objc; path = GCDGroup.m; sourceTree = "<group>"; };
		B56480031EF91FF9009CF536 /* GCDMacros.h */ = {isa = PBXFileReference; fileEncoding = 4; lastKnownFileType = sourcecode.c.h; path = GCDMacros.h; sourceTree = "<group>"; };
		B56480041EF91FF9009CF536 /* GCDObjC.h */ = {isa = PBXFileReference; fileEncoding = 4; lastKnownFileType = sourcecode.c.h; path = GCDObjC.h; sourceTree = "<group>"; };
		B56480051EF91FF9009CF536 /* GCDQueue.h */ = {isa = PBXFileReference; fileEncoding = 4; lastKnownFileType = sourcecode.c.h; path = GCDQueue.h; sourceTree = "<group>"; };
		B56480061EF91FF9009CF536 /* GCDQueue.m */ = {isa = PBXFileReference; fileEncoding = 4; lastKnownFileType = sourcecode.c.objc; path = GCDQueue.m; sourceTree = "<group>"; };
		B56480071EF91FF9009CF536 /* GCDSemaphore.h */ = {isa = PBXFileReference; fileEncoding = 4; lastKnownFileType = sourcecode.c.h; path = GCDSemaphore.h; sourceTree = "<group>"; };
		B56480081EF91FF9009CF536 /* GCDSemaphore.m */ = {isa = PBXFileReference; fileEncoding = 4; lastKnownFileType = sourcecode.c.objc; path = GCDSemaphore.m; sourceTree = "<group>"; };
		B564800A1EF91FF9009CF536 /* MBProgressHUD+Add.h */ = {isa = PBXFileReference; fileEncoding = 4; lastKnownFileType = sourcecode.c.h; path = "MBProgressHUD+Add.h"; sourceTree = "<group>"; };
		B564800B1EF91FF9009CF536 /* MBProgressHUD+Add.m */ = {isa = PBXFileReference; fileEncoding = 4; lastKnownFileType = sourcecode.c.objc; path = "MBProgressHUD+Add.m"; sourceTree = "<group>"; };
		B564800C1EF91FF9009CF536 /* MBProgressHUD.h */ = {isa = PBXFileReference; fileEncoding = 4; lastKnownFileType = sourcecode.c.h; path = MBProgressHUD.h; sourceTree = "<group>"; };
		B564800D1EF91FF9009CF536 /* MBProgressHUD.m */ = {isa = PBXFileReference; fileEncoding = 4; lastKnownFileType = sourcecode.c.objc; path = MBProgressHUD.m; sourceTree = "<group>"; };
		B56480131EF9201D009CF536 /* CommonUtils.h */ = {isa = PBXFileReference; fileEncoding = 4; lastKnownFileType = sourcecode.c.h; path = CommonUtils.h; sourceTree = "<group>"; };
		B56480141EF9201D009CF536 /* CommonUtils.m */ = {isa = PBXFileReference; fileEncoding = 4; lastKnownFileType = sourcecode.c.objc; path = CommonUtils.m; sourceTree = "<group>"; };
		B56480181EF92040009CF536 /* BNPopupWindow.h */ = {isa = PBXFileReference; fileEncoding = 4; lastKnownFileType = sourcecode.c.h; path = BNPopupWindow.h; sourceTree = "<group>"; };
		B56480191EF92040009CF536 /* BNPopupWindow.m */ = {isa = PBXFileReference; fileEncoding = 4; lastKnownFileType = sourcecode.c.objc; path = BNPopupWindow.m; sourceTree = "<group>"; };
		B564801B1EF92071009CF536 /* UIImage+Blur.h */ = {isa = PBXFileReference; fileEncoding = 4; lastKnownFileType = sourcecode.c.h; path = "UIImage+Blur.h"; sourceTree = "<group>"; };
		B564801C1EF92071009CF536 /* UIImage+Blur.m */ = {isa = PBXFileReference; fileEncoding = 4; lastKnownFileType = sourcecode.c.objc; path = "UIImage+Blur.m"; sourceTree = "<group>"; };
		B564801D1EF92071009CF536 /* UIView+Hierarchy.h */ = {isa = PBXFileReference; fileEncoding = 4; lastKnownFileType = sourcecode.c.h; path = "UIView+Hierarchy.h"; sourceTree = "<group>"; };
		B564801E1EF92071009CF536 /* UIView+Hierarchy.m */ = {isa = PBXFileReference; fileEncoding = 4; lastKnownFileType = sourcecode.c.objc; path = "UIView+Hierarchy.m"; sourceTree = "<group>"; };
		B5FA68BF1EF270290077349C /* BaseViewController.h */ = {isa = PBXFileReference; fileEncoding = 4; lastKnownFileType = sourcecode.c.h; path = BaseViewController.h; sourceTree = "<group>"; };
		B5FA68C01EF270290077349C /* BaseViewController.m */ = {isa = PBXFileReference; fileEncoding = 4; lastKnownFileType = sourcecode.c.objc; path = BaseViewController.m; sourceTree = "<group>"; };
		B5FA68C21EF270290077349C /* BNNavigationController.h */ = {isa = PBXFileReference; fileEncoding = 4; lastKnownFileType = sourcecode.c.h; path = BNNavigationController.h; sourceTree = "<group>"; };
		B5FA68C31EF270290077349C /* BNNavigationController.m */ = {isa = PBXFileReference; fileEncoding = 4; lastKnownFileType = sourcecode.c.objc; path = BNNavigationController.m; sourceTree = "<group>"; };
		B5FA68C51EF270290077349C /* BNTabBarController.h */ = {isa = PBXFileReference; fileEncoding = 4; lastKnownFileType = sourcecode.c.h; path = BNTabBarController.h; sourceTree = "<group>"; };
		B5FA68C61EF270290077349C /* BNTabBarController.m */ = {isa = PBXFileReference; fileEncoding = 4; lastKnownFileType = sourcecode.c.objc; path = BNTabBarController.m; sourceTree = "<group>"; };
/* End PBXFileReference section */

/* Begin PBXFrameworksBuildPhase section */
		330F7BBA1ED3321F0009280A /* Frameworks */ = {
			isa = PBXFrameworksBuildPhase;
			buildActionMask = 2147483647;
			files = (
				2B1041A2256952E4587B17F5 /* libPods-TestTemplateProject.a in Frameworks */,
			);
			runOnlyForDeploymentPostprocessing = 0;
		};
/* End PBXFrameworksBuildPhase section */

/* Begin PBXGroup section */
		330F7BB41ED3321F0009280A = {
			isa = PBXGroup;
			children = (
				330F7BBF1ED3321F0009280A /* TestTemplateProject */,
				330F7BBE1ED3321F0009280A /* Products */,
				7B8C9382664DA89AC4C34223 /* Pods */,
				BDE61C448897B6B2235B7026 /* Frameworks */,
			);
			sourceTree = "<group>";
		};
		330F7BBE1ED3321F0009280A /* Products */ = {
			isa = PBXGroup;
			children = (
				330F7BBD1ED3321F0009280A /* TestTemplateProject.app */,
			);
			name = Products;
			sourceTree = "<group>";
		};
		330F7BBF1ED3321F0009280A /* TestTemplateProject */ = {
			isa = PBXGroup;
			children = (
				330F7BD81ED333F00009280A /* Sources */,
				330F7BD71ED333F00009280A /* Resources */,
				330F7BF21ED333F00009280A /* Supporting Files */,
			);
			path = TestTemplateProject;
			sourceTree = "<group>";
		};
		330F7BD71ED333F00009280A /* Resources */ = {
			isa = PBXGroup;
			children = (
				330F7C011ED334380009280A /* Assets.xcassets */,
			);
			path = Resources;
			sourceTree = "<group>";
		};
		330F7BD81ED333F00009280A /* Sources */ = {
			isa = PBXGroup;
			children = (
				330F7BE21ED333F00009280A /* Vendor */,
				330F7BE01ED333F00009280A /* Global */,
				33144F001EF0546C006D27AC /* Utilities */,
				330F7BDB1ED333F00009280A /* Category */,
				B5FA68BD1EF270290077349C /* Base */,
				B56480161EF92040009CF536 /* Common */,
				330F7BE11ED333F00009280A /* Network */,
				330F7BE31ED333F00009280A /* View */,
				330F7BEE1ED333F00009280A /* ViewController */,
				330F7BD91ED333F00009280A /* AppDelegate.h */,
				330F7BDA1ED333F00009280A /* AppDelegate.m */,
			);
			path = Sources;
			sourceTree = "<group>";
		};
		330F7BDB1ED333F00009280A /* Category */ = {
			isa = PBXGroup;
			children = (
				B564801D1EF92071009CF536 /* UIView+Hierarchy.h */,
				B564801E1EF92071009CF536 /* UIView+Hierarchy.m */,
				330F7C0A1ED349AB0009280A /* UIView+Helper.h */,
				330F7C0B1ED349AB0009280A /* UIView+Helper.m */,
				33144EFD1EF05418006D27AC /* NSString+Size.h */,
				33144EFE1EF05418006D27AC /* NSString+Size.m */,
				B564801B1EF92071009CF536 /* UIImage+Blur.h */,
				B564801C1EF92071009CF536 /* UIImage+Blur.m */,
			);
			path = Category;
			sourceTree = "<group>";
		};
		330F7BE01ED333F00009280A /* Global */ = {
			isa = PBXGroup;
			children = (
				330F7ECC1ED352250009280A /* PrefixHeader.pch */,
				33144EFA1EF05403006D27AC /* commonConstDef.h */,
				33144EFC1EF05403006D27AC /* typedef.h */,
				33144EFB1EF05403006D27AC /* macrodef.h */,
			);
			path = Global;
			sourceTree = "<group>";
		};
		330F7BE11ED333F00009280A /* Network */ = {
			isa = PBXGroup;
			children = (
			);
			path = Network;
			sourceTree = "<group>";
		};
		330F7BE21ED333F00009280A /* Vendor */ = {
			isa = PBXGroup;
			children = (
				337EEC261EDC3F2C00EDC166 /* DLIntrospection */,
				B56480091EF91FF9009CF536 /* MBProgressHUD */,
				B56480001EF91FF9009CF536 /* GCDObjC */,
			);
			path = Vendor;
			sourceTree = "<group>";
		};
		330F7BE31ED333F00009280A /* View */ = {
			isa = PBXGroup;
			children = (
			);
			path = View;
			sourceTree = "<group>";
		};
		330F7BEE1ED333F00009280A /* ViewController */ = {
			isa = PBXGroup;
			children = (
				B50394C01EEE5FC30016FA97 /* HomePageVC.h */,
				B50394C11EEE5FC30016FA97 /* HomePageVC.m */,
				B50394C21EEE5FC30016FA97 /* HomePageVC.xib */,
				B50394CF1EEE61E60016FA97 /* Playground */,
				B50394BE1EEE5F9D0016FA97 /* KVONotificationTimeSequence */,
				B50711CD1F163187008EC4AE /* ClassProperty */,
			);
			path = ViewController;
			sourceTree = "<group>";
		};
		330F7BF21ED333F00009280A /* Supporting Files */ = {
			isa = PBXGroup;
			children = (
				330F7BF41ED333F00009280A /* Info.plist */,
				330F7BF51ED333F00009280A /* main.m */,
			);
			path = "Supporting Files";
			sourceTree = "<group>";
		};
		33144F001EF0546C006D27AC /* Utilities */ = {
			isa = PBXGroup;
			children = (
				33144F031EF0546C006D27AC /* Utility.h */,
				33144F011EF0546C006D27AC /* UIUtils.h */,
				33144F021EF0546C006D27AC /* UIUtils.m */,
				B56480131EF9201D009CF536 /* CommonUtils.h */,
				B56480141EF9201D009CF536 /* CommonUtils.m */,
			);
			path = Utilities;
			sourceTree = "<group>";
		};
		337EEC261EDC3F2C00EDC166 /* DLIntrospection */ = {
			isa = PBXGroup;
			children = (
				337EEC271EDC3F2C00EDC166 /* NSObject+DLIntrospection.h */,
				337EEC281EDC3F2C00EDC166 /* NSObject+DLIntrospection.m */,
			);
			path = DLIntrospection;
			sourceTree = "<group>";
		};
		7B8C9382664DA89AC4C34223 /* Pods */ = {
			isa = PBXGroup;
			children = (
				5C6D28EEC1B5E3424CF2308B /* Pods-TestTemplateProject.debug.xcconfig */,
				8667C82644C5D48169DF56D2 /* Pods-TestTemplateProject.release.xcconfig */,
			);
			name = Pods;
			sourceTree = "<group>";
		};
		B50394BE1EEE5F9D0016FA97 /* KVONotificationTimeSequence */ = {
			isa = PBXGroup;
			children = (
				B50394C51EEE5FF70016FA97 /* TimeSequenceVC.h */,
				B50394C61EEE5FF70016FA97 /* TimeSequenceVC.m */,
				B50394C71EEE5FF70016FA97 /* TimeSequenceVC.xib */,
			);
			path = KVONotificationTimeSequence;
			sourceTree = "<group>";
		};
		B50394CF1EEE61E60016FA97 /* Playground */ = {
			isa = PBXGroup;
			children = (
				B50394D01EEE61F80016FA97 /* PlaygroundVC.h */,
				B50394D11EEE61F80016FA97 /* PlaygroundVC.m */,
				B50394D21EEE61F80016FA97 /* PlaygroundVC.xib */,
			);
			path = Playground;
			sourceTree = "<group>";
		};
		B50711601F0E4C8D008EC4AE /* BNPopoverWindow */ = {
			isa = PBXGroup;
			children = (
				B507116B1F0E4C8D008EC4AE /* BNPopoverWindow.h */,
				B507116C1F0E4C8D008EC4AE /* BNPopoverWindow.m */,
				B507116D1F0E4C8D008EC4AE /* BNPopoverWindowRootVC.h */,
				B507116E1F0E4C8D008EC4AE /* BNPopoverWindowRootVC.m */,
				B50711611F0E4C8D008EC4AE /* BNPopoverCommon.h */,
				B50711621F0E4C8D008EC4AE /* BNPopoverLayoutStrategy */,
			);
			path = BNPopoverWindow;
			sourceTree = "<group>";
		};
		B50711621F0E4C8D008EC4AE /* BNPopoverLayoutStrategy */ = {
			isa = PBXGroup;
			children = (
				B50711631F0E4C8D008EC4AE /* BNPopoverBaseLayout.h */,
				B50711641F0E4C8D008EC4AE /* BNPopoverBaseLayout.m */,
				B50711651F0E4C8D008EC4AE /* BNPopoverBottomLayout.h */,
				B50711661F0E4C8D008EC4AE /* BNPopoverBottomLayout.m */,
				B50711671F0E4C8D008EC4AE /* BNPopoverCustomLayout.h */,
				B50711681F0E4C8D008EC4AE /* BNPopoverCustomLayout.m */,
				B50711691F0E4C8D008EC4AE /* BNPopoverMiddleLayout.h */,
				B507116A1F0E4C8D008EC4AE /* BNPopoverMiddleLayout.m */,
			);
			path = BNPopoverLayoutStrategy;
			sourceTree = "<group>";
		};
		B50711CD1F163187008EC4AE /* ClassProperty */ = {
			isa = PBXGroup;
			children = (
				B50711CE1F163187008EC4AE /* ClassPropertyVC.h */,
				B50711CF1F163187008EC4AE /* ClassPropertyVC.m */,
				B50711D01F163187008EC4AE /* ClassPropertyVC.xib */,
			);
			path = ClassProperty;
			sourceTree = "<group>";
		};
		B5647FF81EF91FAE009CF536 /* BasePopoverVC */ = {
			isa = PBXGroup;
			children = (
				B5647FF91EF91FAE009CF536 /* BasePopoverVC.h */,
				B5647FFA1EF91FAE009CF536 /* BasePopoverVC.m */,
			);
			path = BasePopoverVC;
			sourceTree = "<group>";
		};
		B5647FFB1EF91FAE009CF536 /* BaseWindowRootVC */ = {
			isa = PBXGroup;
			children = (
				B5647FFC1EF91FAE009CF536 /* BaseWindowRootVC.h */,
				B5647FFD1EF91FAE009CF536 /* BaseWindowRootVC.m */,
			);
			path = BaseWindowRootVC;
			sourceTree = "<group>";
		};
		B56480001EF91FF9009CF536 /* GCDObjC */ = {
			isa = PBXGroup;
			children = (
				B56480011EF91FF9009CF536 /* GCDGroup.h */,
				B56480021EF91FF9009CF536 /* GCDGroup.m */,
				B56480031EF91FF9009CF536 /* GCDMacros.h */,
				B56480041EF91FF9009CF536 /* GCDObjC.h */,
				B56480051EF91FF9009CF536 /* GCDQueue.h */,
				B56480061EF91FF9009CF536 /* GCDQueue.m */,
				B56480071EF91FF9009CF536 /* GCDSemaphore.h */,
				B56480081EF91FF9009CF536 /* GCDSemaphore.m */,
			);
			path = GCDObjC;
			sourceTree = "<group>";
		};
		B56480091EF91FF9009CF536 /* MBProgressHUD */ = {
			isa = PBXGroup;
			children = (
				B564800A1EF91FF9009CF536 /* MBProgressHUD+Add.h */,
				B564800B1EF91FF9009CF536 /* MBProgressHUD+Add.m */,
				B564800C1EF91FF9009CF536 /* MBProgressHUD.h */,
				B564800D1EF91FF9009CF536 /* MBProgressHUD.m */,
			);
			path = MBProgressHUD;
			sourceTree = "<group>";
		};
		B56480161EF92040009CF536 /* Common */ = {
			isa = PBXGroup;
			children = (
				B56480171EF92040009CF536 /* BNPopupWindow */,
			);
			path = Common;
			sourceTree = "<group>";
		};
		B56480171EF92040009CF536 /* BNPopupWindow */ = {
			isa = PBXGroup;
			children = (
				B56480181EF92040009CF536 /* BNPopupWindow.h */,
				B56480191EF92040009CF536 /* BNPopupWindow.m */,
			);
			path = BNPopupWindow;
			sourceTree = "<group>";
		};
		B5FA68BD1EF270290077349C /* Base */ = {
			isa = PBXGroup;
			children = (
				B5FA68BE1EF270290077349C /* BaseViewController */,
				B5647FF81EF91FAE009CF536 /* BasePopoverVC */,
				B5647FFB1EF91FAE009CF536 /* BaseWindowRootVC */,
				B5FA68C11EF270290077349C /* BNNavigationController */,
				B5FA68C41EF270290077349C /* BNTabBarController */,
				B50711601F0E4C8D008EC4AE /* BNPopoverWindow */,
			);
			path = Base;
			sourceTree = "<group>";
		};
		B5FA68BE1EF270290077349C /* BaseViewController */ = {
			isa = PBXGroup;
			children = (
				B5FA68BF1EF270290077349C /* BaseViewController.h */,
				B5FA68C01EF270290077349C /* BaseViewController.m */,
			);
			path = BaseViewController;
			sourceTree = "<group>";
		};
		B5FA68C11EF270290077349C /* BNNavigationController */ = {
			isa = PBXGroup;
			children = (
				B5FA68C21EF270290077349C /* BNNavigationController.h */,
				B5FA68C31EF270290077349C /* BNNavigationController.m */,
			);
			path = BNNavigationController;
			sourceTree = "<group>";
		};
		B5FA68C41EF270290077349C /* BNTabBarController */ = {
			isa = PBXGroup;
			children = (
				B5FA68C51EF270290077349C /* BNTabBarController.h */,
				B5FA68C61EF270290077349C /* BNTabBarController.m */,
			);
			path = BNTabBarController;
			sourceTree = "<group>";
		};
		BDE61C448897B6B2235B7026 /* Frameworks */ = {
			isa = PBXGroup;
			children = (
				0B6364692DBB1E35BBAC518E /* libPods-TestTemplateProject.a */,
			);
			name = Frameworks;
			sourceTree = "<group>";
		};
/* End PBXGroup section */

/* Begin PBXNativeTarget section */
		330F7BBC1ED3321F0009280A /* TestTemplateProject */ = {
			isa = PBXNativeTarget;
			buildConfigurationList = 330F7BD41ED3321F0009280A /* Build configuration list for PBXNativeTarget "TestTemplateProject" */;
			buildPhases = (
				E066EE105A7C679E0096DEB6 /* [CP] Check Pods Manifest.lock */,
				330F7BB91ED3321F0009280A /* Sources */,
				330F7BBA1ED3321F0009280A /* Frameworks */,
				330F7BBB1ED3321F0009280A /* Resources */,
				017CFE35F4873F7DCD00325B /* [CP] Embed Pods Frameworks */,
				E2A3D35009822E41A6D16F3A /* [CP] Copy Pods Resources */,
			);
			buildRules = (
			);
			dependencies = (
			);
			name = TestTemplateProject;
			productName = TestTemplateProject;
			productReference = 330F7BBD1ED3321F0009280A /* TestTemplateProject.app */;
			productType = "com.apple.product-type.application";
		};
/* End PBXNativeTarget section */

/* Begin PBXProject section */
		330F7BB51ED3321F0009280A /* Project object */ = {
			isa = PBXProject;
			attributes = {
				LastUpgradeCheck = 0830;
				ORGANIZATIONNAME = iOSStudio;
				TargetAttributes = {
					330F7BBC1ED3321F0009280A = {
						CreatedOnToolsVersion = 8.3.2;
						ProvisioningStyle = Manual;
					};
				};
			};
			buildConfigurationList = 330F7BB81ED3321F0009280A /* Build configuration list for PBXProject "TestTemplateProject" */;
			compatibilityVersion = "Xcode 3.2";
			developmentRegion = English;
			hasScannedForEncodings = 0;
			knownRegions = (
				en,
				Base,
			);
			mainGroup = 330F7BB41ED3321F0009280A;
			productRefGroup = 330F7BBE1ED3321F0009280A /* Products */;
			projectDirPath = "";
			projectRoot = "";
			targets = (
				330F7BBC1ED3321F0009280A /* TestTemplateProject */,
			);
		};
/* End PBXProject section */

/* Begin PBXResourcesBuildPhase section */
		330F7BBB1ED3321F0009280A /* Resources */ = {
			isa = PBXResourcesBuildPhase;
			buildActionMask = 2147483647;
			files = (
				B50394C91EEE5FF70016FA97 /* TimeSequenceVC.xib in Resources */,
				B50394C41EEE5FC30016FA97 /* HomePageVC.xib in Resources */,
				330F7C021ED334380009280A /* Assets.xcassets in Resources */,
				B50711D21F163187008EC4AE /* ClassPropertyVC.xib in Resources */,
				B50394D41EEE61F80016FA97 /* PlaygroundVC.xib in Resources */,
			);
			runOnlyForDeploymentPostprocessing = 0;
		};
/* End PBXResourcesBuildPhase section */

/* Begin PBXShellScriptBuildPhase section */
		017CFE35F4873F7DCD00325B /* [CP] Embed Pods Frameworks */ = {
			isa = PBXShellScriptBuildPhase;
			buildActionMask = 2147483647;
			files = (
			);
			inputPaths = (
			);
			name = "[CP] Embed Pods Frameworks";
			outputPaths = (
			);
			runOnlyForDeploymentPostprocessing = 0;
			shellPath = /bin/sh;
			shellScript = "\"${SRCROOT}/Pods/Target Support Files/Pods-TestTemplateProject/Pods-TestTemplateProject-frameworks.sh\"\n";
			showEnvVarsInLog = 0;
		};
		E066EE105A7C679E0096DEB6 /* [CP] Check Pods Manifest.lock */ = {
			isa = PBXShellScriptBuildPhase;
			buildActionMask = 2147483647;
			files = (
			);
			inputPaths = (
			);
			name = "[CP] Check Pods Manifest.lock";
			outputPaths = (
			);
			runOnlyForDeploymentPostprocessing = 0;
			shellPath = /bin/sh;
			shellScript = "diff \"${PODS_PODFILE_DIR_PATH}/Podfile.lock\" \"${PODS_ROOT}/Manifest.lock\" > /dev/null\nif [ $? != 0 ] ; then\n    # print error to STDERR\n    echo \"error: The sandbox is not in sync with the Podfile.lock. Run 'pod install' or update your CocoaPods installation.\" >&2\n    exit 1\nfi\n";
			showEnvVarsInLog = 0;
		};
		E2A3D35009822E41A6D16F3A /* [CP] Copy Pods Resources */ = {
			isa = PBXShellScriptBuildPhase;
			buildActionMask = 2147483647;
			files = (
			);
			inputPaths = (
			);
			name = "[CP] Copy Pods Resources";
			outputPaths = (
			);
			runOnlyForDeploymentPostprocessing = 0;
			shellPath = /bin/sh;
			shellScript = "\"${SRCROOT}/Pods/Target Support Files/Pods-TestTemplateProject/Pods-TestTemplateProject-resources.sh\"\n";
			showEnvVarsInLog = 0;
		};
/* End PBXShellScriptBuildPhase section */

/* Begin PBXSourcesBuildPhase section */
		330F7BB91ED3321F0009280A /* Sources */ = {
			isa = PBXSourcesBuildPhase;
			buildActionMask = 2147483647;
			files = (
				B50394C31EEE5FC30016FA97 /* HomePageVC.m in Sources */,
				B5647FFE1EF91FAE009CF536 /* BasePopoverVC.m in Sources */,
				B5FA68C71EF270290077349C /* BaseViewController.m in Sources */,
				B50711741F0E4C8D008EC4AE /* BNPopoverWindowRootVC.m in Sources */,
				B50711731F0E4C8D008EC4AE /* BNPopoverWindow.m in Sources */,
				B50394C81EEE5FF70016FA97 /* TimeSequenceVC.m in Sources */,
				B564800E1EF91FF9009CF536 /* GCDGroup.m in Sources */,
				33144F041EF0546C006D27AC /* UIUtils.m in Sources */,
				B56480151EF9201D009CF536 /* CommonUtils.m in Sources */,
				B5FA68C81EF270290077349C /* BNNavigationController.m in Sources */,
				B56480121EF91FF9009CF536 /* MBProgressHUD.m in Sources */,
				33144EFF1EF05418006D27AC /* NSString+Size.m in Sources */,
				B564801F1EF92071009CF536 /* UIImage+Blur.m in Sources */,
				B50711721F0E4C8D008EC4AE /* BNPopoverMiddleLayout.m in Sources */,
				B50711701F0E4C8D008EC4AE /* BNPopoverBottomLayout.m in Sources */,
				B564800F1EF91FF9009CF536 /* GCDQueue.m in Sources */,
				330F7BF61ED333F00009280A /* AppDelegate.m in Sources */,
				B50711711F0E4C8D008EC4AE /* BNPopoverCustomLayout.m in Sources */,
				330F7C0D1ED349AB0009280A /* UIView+Helper.m in Sources */,
				B5647FFF1EF91FAE009CF536 /* BaseWindowRootVC.m in Sources */,
				B50394D31EEE61F80016FA97 /* PlaygroundVC.m in Sources */,
				B56480111EF91FF9009CF536 /* MBProgressHUD+Add.m in Sources */,
				330F7C001ED333F00009280A /* main.m in Sources */,
				337EEC291EDC3F2C00EDC166 /* NSObject+DLIntrospection.m in Sources */,
				B56480101EF91FF9009CF536 /* GCDSemaphore.m in Sources */,
				B507116F1F0E4C8D008EC4AE /* BNPopoverBaseLayout.m in Sources */,
				B564801A1EF92040009CF536 /* BNPopupWindow.m in Sources */,
				B56480201EF92071009CF536 /* UIView+Hierarchy.m in Sources */,
				B50711D11F163187008EC4AE /* ClassPropertyVC.m in Sources */,
				B5FA68C91EF270290077349C /* BNTabBarController.m in Sources */,
			);
			runOnlyForDeploymentPostprocessing = 0;
		};
/* End PBXSourcesBuildPhase section */

/* Begin XCBuildConfiguration section */
		330F7BD21ED3321F0009280A /* Debug */ = {
			isa = XCBuildConfiguration;
			buildSettings = {
				ALWAYS_SEARCH_USER_PATHS = NO;
				CLANG_ANALYZER_NONNULL = YES;
				CLANG_ANALYZER_NUMBER_OBJECT_CONVERSION = YES_AGGRESSIVE;
				CLANG_CXX_LANGUAGE_STANDARD = "gnu++0x";
				CLANG_CXX_LIBRARY = "libc++";
				CLANG_ENABLE_MODULES = YES;
				CLANG_ENABLE_OBJC_ARC = YES;
				CLANG_WARN_BOOL_CONVERSION = YES;
				CLANG_WARN_CONSTANT_CONVERSION = YES;
				CLANG_WARN_DIRECT_OBJC_ISA_USAGE = YES_ERROR;
				CLANG_WARN_DOCUMENTATION_COMMENTS = YES;
				CLANG_WARN_EMPTY_BODY = YES;
				CLANG_WARN_ENUM_CONVERSION = YES;
				CLANG_WARN_INFINITE_RECURSION = YES;
				CLANG_WARN_INT_CONVERSION = YES;
				CLANG_WARN_OBJC_ROOT_CLASS = YES_ERROR;
				CLANG_WARN_SUSPICIOUS_MOVE = YES;
				CLANG_WARN_UNREACHABLE_CODE = YES;
				CLANG_WARN__DUPLICATE_METHOD_MATCH = YES;
				"CODE_SIGN_IDENTITY[sdk=iphoneos*]" = "iPhone Developer";
				COPY_PHASE_STRIP = NO;
				DEBUG_INFORMATION_FORMAT = dwarf;
				ENABLE_STRICT_OBJC_MSGSEND = YES;
				ENABLE_TESTABILITY = YES;
				GCC_C_LANGUAGE_STANDARD = gnu99;
				GCC_DYNAMIC_NO_PIC = NO;
				GCC_NO_COMMON_BLOCKS = YES;
				GCC_OPTIMIZATION_LEVEL = 0;
				GCC_PREPROCESSOR_DEFINITIONS = (
					"DEBUG=1",
					"$(inherited)",
				);
				GCC_WARN_64_TO_32_BIT_CONVERSION = YES;
				GCC_WARN_ABOUT_RETURN_TYPE = YES_ERROR;
				GCC_WARN_UNDECLARED_SELECTOR = YES;
				GCC_WARN_UNINITIALIZED_AUTOS = YES_AGGRESSIVE;
				GCC_WARN_UNUSED_FUNCTION = YES;
				GCC_WARN_UNUSED_VARIABLE = YES;
				IPHONEOS_DEPLOYMENT_TARGET = 8.0;
				MTL_ENABLE_DEBUG_INFO = YES;
				ONLY_ACTIVE_ARCH = YES;
				SDKROOT = iphoneos;
			};
			name = Debug;
		};
		330F7BD31ED3321F0009280A /* Release */ = {
			isa = XCBuildConfiguration;
			buildSettings = {
				ALWAYS_SEARCH_USER_PATHS = NO;
				CLANG_ANALYZER_NONNULL = YES;
				CLANG_ANALYZER_NUMBER_OBJECT_CONVERSION = YES_AGGRESSIVE;
				CLANG_CXX_LANGUAGE_STANDARD = "gnu++0x";
				CLANG_CXX_LIBRARY = "libc++";
				CLANG_ENABLE_MODULES = YES;
				CLANG_ENABLE_OBJC_ARC = YES;
				CLANG_WARN_BOOL_CONVERSION = YES;
				CLANG_WARN_CONSTANT_CONVERSION = YES;
				CLANG_WARN_DIRECT_OBJC_ISA_USAGE = YES_ERROR;
				CLANG_WARN_DOCUMENTATION_COMMENTS = YES;
				CLANG_WARN_EMPTY_BODY = YES;
				CLANG_WARN_ENUM_CONVERSION = YES;
				CLANG_WARN_INFINITE_RECURSION = YES;
				CLANG_WARN_INT_CONVERSION = YES;
				CLANG_WARN_OBJC_ROOT_CLASS = YES_ERROR;
				CLANG_WARN_SUSPICIOUS_MOVE = YES;
				CLANG_WARN_UNREACHABLE_CODE = YES;
				CLANG_WARN__DUPLICATE_METHOD_MATCH = YES;
				"CODE_SIGN_IDENTITY[sdk=iphoneos*]" = "iPhone Developer";
				COPY_PHASE_STRIP = NO;
				DEBUG_INFORMATION_FORMAT = "dwarf-with-dsym";
				ENABLE_NS_ASSERTIONS = NO;
				ENABLE_STRICT_OBJC_MSGSEND = YES;
				GCC_C_LANGUAGE_STANDARD = gnu99;
				GCC_NO_COMMON_BLOCKS = YES;
				GCC_WARN_64_TO_32_BIT_CONVERSION = YES;
				GCC_WARN_ABOUT_RETURN_TYPE = YES_ERROR;
				GCC_WARN_UNDECLARED_SELECTOR = YES;
				GCC_WARN_UNINITIALIZED_AUTOS = YES_AGGRESSIVE;
				GCC_WARN_UNUSED_FUNCTION = YES;
				GCC_WARN_UNUSED_VARIABLE = YES;
				IPHONEOS_DEPLOYMENT_TARGET = 8.0;
				MTL_ENABLE_DEBUG_INFO = NO;
				SDKROOT = iphoneos;
				VALIDATE_PRODUCT = YES;
			};
			name = Release;
		};
		330F7BD51ED3321F0009280A /* Debug */ = {
			isa = XCBuildConfiguration;
			baseConfigurationReference = 5C6D28EEC1B5E3424CF2308B /* Pods-TestTemplateProject.debug.xcconfig */;
			buildSettings = {
				ASSETCATALOG_COMPILER_APPICON_NAME = AppIcon;
				ASSETCATALOG_COMPILER_LAUNCHIMAGE_NAME = LaunchImage;
				CLANG_WARN_DOCUMENTATION_COMMENTS = NO;
				DEVELOPMENT_TEAM = "";
				GCC_PRECOMPILE_PREFIX_HEADER = YES;
				GCC_PREFIX_HEADER = TestTemplateProject/Sources/Global/PrefixHeader.pch;
				GCC_WARN_ABOUT_DEPRECATED_FUNCTIONS = NO;
				HEADER_SEARCH_PATHS = "";
				INFOPLIST_FILE = "TestTemplateProject/Supporting Files/Info.plist";
				LD_RUNPATH_SEARCH_PATHS = "$(inherited) @executable_path/Frameworks";
				PRODUCT_BUNDLE_IDENTIFIER = iOSStudio.TestTemplateProject;
				PRODUCT_NAME = "$(TARGET_NAME)";
				PROVISIONING_PROFILE_SPECIFIER = "";
				USER_HEADER_SEARCH_PATHS = "";
			};
			name = Debug;
		};
		330F7BD61ED3321F0009280A /* Release */ = {
			isa = XCBuildConfiguration;
			baseConfigurationReference = 8667C82644C5D48169DF56D2 /* Pods-TestTemplateProject.release.xcconfig */;
			buildSettings = {
				ASSETCATALOG_COMPILER_APPICON_NAME = AppIcon;
				ASSETCATALOG_COMPILER_LAUNCHIMAGE_NAME = LaunchImage;
				CLANG_WARN_DOCUMENTATION_COMMENTS = NO;
				DEVELOPMENT_TEAM = "";
				GCC_PRECOMPILE_PREFIX_HEADER = YES;
				GCC_PREFIX_HEADER = TestTemplateProject/Sources/Global/PrefixHeader.pch;
				GCC_WARN_ABOUT_DEPRECATED_FUNCTIONS = NO;
				HEADER_SEARCH_PATHS = "";
				INFOPLIST_FILE = "TestTemplateProject/Supporting Files/Info.plist";
				LD_RUNPATH_SEARCH_PATHS = "$(inherited) @executable_path/Frameworks";
				PRODUCT_BUNDLE_IDENTIFIER = iOSStudio.TestTemplateProject;
				PRODUCT_NAME = "$(TARGET_NAME)";
				PROVISIONING_PROFILE_SPECIFIER = "";
				USER_HEADER_SEARCH_PATHS = "";
			};
			name = Release;
		};
/* End XCBuildConfiguration section */

/* Begin XCConfigurationList section */
		330F7BB81ED3321F0009280A /* Build configuration list for PBXProject "TestTemplateProject" */ = {
			isa = XCConfigurationList;
			buildConfigurations = (
				330F7BD21ED3321F0009280A /* Debug */,
				330F7BD31ED3321F0009280A /* Release */,
			);
			defaultConfigurationIsVisible = 0;
			defaultConfigurationName = Release;
		};
		330F7BD41ED3321F0009280A /* Build configuration list for PBXNativeTarget "TestTemplateProject" */ = {
			isa = XCConfigurationList;
			buildConfigurations = (
				330F7BD51ED3321F0009280A /* Debug */,
				330F7BD61ED3321F0009280A /* Release */,
			);
			defaultConfigurationIsVisible = 0;
			defaultConfigurationName = Release;
		};
/* End XCConfigurationList section */
	};
	rootObject = 330F7BB51ED3321F0009280A /* Project object */;
}
